
Microsoft Visual Studio Solution File, Format Version 12.00
# Visual Studio Version 16
VisualStudioVersion = 16.0.30413.136
MinimumVisualStudioVersion = 10.0.40219.1
Project("{9A19103F-16F7-4668-BE54-9A1E7A4F7556}") = "ApiConsumer", "ApiConsumer\ApiConsumer.csproj", "{C5A45521-65E0-4FAD-9F31-90D8CA25ACAC}"
EndProject
Project("{FAE04EC0-301F-11D3-BF4B-00C04F79EFBC}") = "APIapp", "APIapp\APIapp.csproj", "{11829E24-D9B8-4758-B3AF-3B679E581075}"
EndProject
Project("{FAE04EC0-301F-11D3-BF4B-00C04F79EFBC}") = "GameFetcherUI", "GameFetcherUI\GameFetcherUI.csproj", "{A88640A0-8296-4E8C-A8B7-DE3B6100F3DD}"
EndProject
Project("{9A19103F-16F7-4668-BE54-9A1E7A4F7556}") = "DesktopUI_Logic", "DesktopUI_Logic\DesktopUI_Logic.csproj", "{48CD19C0-778B-4283-974A-42E912EFC034}"
EndProject
Project("{00D1A9C2-B5F0-4AF3-8072-F6C62B433612}") = "GameFetcherDB", "GameFetcherDB\GameFetcherDB.sqlproj", "{D8026EA8-755F-4E18-89FD-43AAA1A7C989}"
EndProject
Global
	GlobalSection(SolutionConfigurationPlatforms) = preSolution
		Debug|Any CPU = Debug|Any CPU
		Release|Any CPU = Release|Any CPU
	EndGlobalSection
	GlobalSection(ProjectConfigurationPlatforms) = postSolution
		{C5A45521-65E0-4FAD-9F31-90D8CA25ACAC}.Debug|Any CPU.ActiveCfg = Debug|Any CPU
		{C5A45521-65E0-4FAD-9F31-90D8CA25ACAC}.Debug|Any CPU.Build.0 = Debug|Any CPU
		{C5A45521-65E0-4FAD-9F31-90D8CA25ACAC}.Release|Any CPU.ActiveCfg = Release|Any CPU
		{C5A45521-65E0-4FAD-9F31-90D8CA25ACAC}.Release|Any CPU.Build.0 = Release|Any CPU
		{11829E24-D9B8-4758-B3AF-3B679E581075}.Debug|Any CPU.ActiveCfg = Debug|Any CPU
		{11829E24-D9B8-4758-B3AF-3B679E581075}.Debug|Any CPU.Build.0 = Debug|Any CPU
		{11829E24-D9B8-4758-B3AF-3B679E581075}.Release|Any CPU.ActiveCfg = Release|Any CPU
		{11829E24-D9B8-4758-B3AF-3B679E581075}.Release|Any CPU.Build.0 = Release|Any CPU
		{A88640A0-8296-4E8C-A8B7-DE3B6100F3DD}.Debug|Any CPU.ActiveCfg = Debug|Any CPU
		{A88640A0-8296-4E8C-A8B7-DE3B6100F3DD}.Debug|Any CPU.Build.0 = Debug|Any CPU
		{A88640A0-8296-4E8C-A8B7-DE3B6100F3DD}.Release|Any CPU.ActiveCfg = Release|Any CPU
		{A88640A0-8296-4E8C-A8B7-DE3B6100F3DD}.Release|Any CPU.Build.0 = Release|Any CPU
		{48CD19C0-778B-4283-974A-42E912EFC034}.Debug|Any CPU.ActiveCfg = Debug|Any CPU
		{48CD19C0-778B-4283-974A-42E912EFC034}.Debug|Any CPU.Build.0 = Debug|Any CPU
		{48CD19C0-778B-4283-974A-42E912EFC034}.Release|Any CPU.ActiveCfg = Release|Any CPU
		{48CD19C0-778B-4283-974A-42E912EFC034}.Release|Any CPU.Build.0 = Release|Any CPU
		{D8026EA8-755F-4E18-89FD-43AAA1A7C989}.Debug|Any CPU.ActiveCfg = Debug|Any CPU
		{D8026EA8-755F-4E18-89FD-43AAA1A7C989}.Debug|Any CPU.Build.0 = Debug|Any CPU
		{D8026EA8-755F-4E18-89FD-43AAA1A7C989}.Debug|Any CPU.Deploy.0 = Debug|Any CPU
		{D8026EA8-755F-4E18-89FD-43AAA1A7C989}.Release|Any CPU.ActiveCfg = Release|Any CPU
		{D8026EA8-755F-4E18-89FD-43AAA1A7C989}.Release|Any CPU.Build.0 = Release|Any CPU
		{D8026EA8-755F-4E18-89FD-43AAA1A7C989}.Release|Any CPU.Deploy.0 = Release|Any CPU
	EndGlobalSection
	GlobalSection(SolutionProperties) = preSolution
		HideSolutionNode = FALSE
	EndGlobalSection
	GlobalSection(ExtensibilityGlobals) = postSolution
		SolutionGuid = {7698ADCB-8092-452F-AE0A-995A795A87B0}
	EndGlobalSection
EndGlobal
